Microsoft Visual Studio Solution File, Format Version 12.00
# Visual Studio Version 17
VisualStudioVersion = 17.5.2.0
MinimumVisualStudioVersion = 10.0.40219.1
Project("{FAE04EC0-301F-11D3-BF4B-00C04F79EFBC}") = "MachineLearning", "MachineLearning.csproj", "{B44D3FEE-62D2-A6D4-A41C-55C13653CB25}"
EndProject
Global
	GlobalSection(SolutionConfigurationPlatforms) = preSolution
		Debug|Any CPU = Debug|Any CPU
		Release|Any CPU = Release|Any CPU
	EndGlobalSection
	GlobalSection(ProjectConfigurationPlatforms) = postSolution
		{B44D3FEE-62D2-A6D4-A41C-55C13653CB25}.Debug|Any CPU.ActiveCfg = Debug|Any CPU
		{B44D3FEE-62D2-A6D4-A41C-55C13653CB25}.Debug|Any CPU.Build.0 = Debug|Any CPU
		{B44D3FEE-62D2-A6D4-A41C-55C13653CB25}.Release|Any CPU.ActiveCfg = Release|Any CPU
		{B44D3FEE-62D2-A6D4-A41C-55C13653CB25}.Release|Any CPU.Build.0 = Release|Any CPU
	EndGlobalSection
	GlobalSection(SolutionProperties) = preSolution
		HideSolutionNode = FALSE
	EndGlobalSection
	GlobalSection(ExtensibilityGlobals) = postSolution
		SolutionGuid = {F2192494-6A27-4BBA-AE4D-C345B0A8D6E2}
	EndGlobalSection
EndGlobal
